{
    "_readme": [
        "This file locks the dependencies of your project to a known state",
        "Read more about it at https://getcomposer.org/doc/01-basic-usage.md#composer-lock-the-lock-file",
        "This file is @generated automatically"
    ],
    "content-hash": "88053b2ebdf25d5d0ee9ac1ac611f4a7",
    "packages": [
        {
            "name": "bower-asset/jquery",
            "version": "3.3.1",
            "source": {
                "type": "git",
                "url": "https://github.com/jquery/jquery-dist.git",
                "reference": "9e8ec3d10fad04748176144f108d7355662ae75e"
            },
            "dist": {
                "type": "zip",
                "url": "https://api.github.com/repos/jquery/jquery-dist/zipball/9e8ec3d10fad04748176144f108d7355662ae75e",
                "reference": "9e8ec3d10fad04748176144f108d7355662ae75e",
                "shasum": ""
            },
            "type": "bower-asset-library",
            "extra": {
                "bower-asset-main": "dist/jquery.js",
                "bower-asset-ignore": [
                    "package.json"
                ]
            },
            "license": [
                "MIT"
            ],
            "keywords": [
                "browser",
                "javascript",
                "jquery",
                "library"
            ],
            "time": "2018-01-20T17:26:57+00:00"
        },
        {
            "name": "bower-asset/jquery-form",
            "version": "dev-master",
            "source": {
                "type": "git",
                "url": "https://github.com/jquery-form/form.git",
                "reference": "8281f8909563601f6a8f8fb5e1ec57715bd7c151"
            },
            "dist": {
                "type": "zip",
                "url": "https://api.github.com/repos/jquery-form/form/zipball/8281f8909563601f6a8f8fb5e1ec57715bd7c151",
                "reference": "8281f8909563601f6a8f8fb5e1ec57715bd7c151",
                "shasum": ""
            },
            "require": {
                "bower-asset/jquery": ">=1.7.2"
            },
            "type": "bower-asset-library",
            "extra": {
                "bower-asset-main": "src/jquery.form.js",
                "bower-asset-ignore": [
                    "README.md",
                    "composer.json",
                    "package.json"
                ]
            },
            "license": [
                "(LGPL-2.1+ OR MIT)"
            ],
            "description": "The jQuery Form Plugin allows you to easily and unobtrusively upgrade HTML forms to use AJAX.",
            "keywords": [
                "ajax",
                "form",
                "html-form",
                "jquery",
                "jquery-form",
                "jquery-plugin",
                "json",
                "json-form"
            ],
            "time": "2017-08-21T17:27:29+00:00"
        },
        {
            "name": "bower-asset/jquery-pjax",
            "version": "dev-master",
            "source": {
                "type": "git",
                "url": "https://github.com/defunkt/jquery-pjax.git",
                "reference": "153262eda33e31119eabb97cd5f14365580a3b35"
            },
            "dist": {
                "type": "zip",
                "url": "https://api.github.com/repos/defunkt/jquery-pjax/zipball/153262eda33e31119eabb97cd5f14365580a3b35",
                "reference": "153262eda33e31119eabb97cd5f14365580a3b35",
                "shasum": ""
            },
            "require": {
                "bower-asset/jquery": ">=1.8"
            },
            "type": "bower-asset-library",
            "extra": {
                "bower-asset-main": "./jquery.pjax.js",
                "bower-asset-ignore": [
                    ".travis.yml",
                    "Gemfile",
                    "Gemfile.lock",
                    "CONTRIBUTING.md",
                    "vendor/",
                    "script/",
                    "test/"
                ]
            },
            "time": "2017-05-23T11:23:11+00:00"
        },
        {
            "name": "bower-asset/mustache.js",
            "version": "dev-master",
            "source": {
                "type": "git",
                "url": "https://github.com/janl/mustache.js.git",
                "reference": "b283da5c8c26dbf78c357a1f67bfed26d18f5e32"
            },
            "dist": {
                "type": "zip",
                "url": "https://api.github.com/repos/janl/mustache.js/zipball/b283da5c8c26dbf78c357a1f67bfed26d18f5e32",
                "reference": "b283da5c8c26dbf78c357a1f67bfed26d18f5e32",
                "shasum": ""
            },
            "type": "bower-asset-library",
            "extra": {
                "bower-asset-main": "mustache.js",
                "bower-asset-ignore": [
                    "**/.*",
                    "test"
                ]
            },
            "license": [
                "MIT"
            ],
            "description": "Logic-less {{mustache}} templates with JavaScript",
            "keywords": [
                "ejs",
                "mustache",
                "template",
                "templates"
            ],
            "time": "2017-08-26T16:14:01+00:00"
        },
        {
            "name": "mustache/mustache",
            "version": "dev-master",
            "source": {
                "type": "git",
                "url": "https://github.com/bobthecow/mustache.php.git",
                "reference": "fe8fe72e9d580591854de404cc59a1b83ca4d19e"
            },
            "dist": {
                "type": "zip",
                "url": "https://api.github.com/repos/bobthecow/mustache.php/zipball/fe8fe72e9d580591854de404cc59a1b83ca4d19e",
                "reference": "fe8fe72e9d580591854de404cc59a1b83ca4d19e",
                "shasum": ""
            },
            "require": {
                "php": ">=5.2.4"
            },
            "require-dev": {
                "friendsofphp/php-cs-fixer": "~1.11",
                "phpunit/phpunit": "~3.7|~4.0|~5.0"
            },
            "type": "library",
            "autoload": {
                "psr-0": {
                    "Mustache": "src/"
                }
            },
            "notification-url": "https://packagist.org/downloads/",
            "license": [
                "MIT"
            ],
            "authors": [
                {
                    "name": "Justin Hileman",
                    "email": "justin@justinhileman.info",
                    "homepage": "http://justinhileman.com"
                }
            ],
            "description": "A Mustache implementation in PHP.",
            "homepage": "https://github.com/bobthecow/mustache.php",
            "keywords": [
                "mustache",
                "templating"
            ],
            "time": "2017-07-11T12:54:05+00:00"
        },
        {
            "name": "psr/log",
            "version": "dev-master",
            "source": {
                "type": "git",
                "url": "https://github.com/php-fig/log.git",
                "reference": "4ebe3a8bf773a19edfe0a84b6585ba3d401b724d"
            },
            "dist": {
                "type": "zip",
                "url": "https://api.github.com/repos/php-fig/log/zipball/4ebe3a8bf773a19edfe0a84b6585ba3d401b724d",
                "reference": "4ebe3a8bf773a19edfe0a84b6585ba3d401b724d",
                "shasum": ""
            },
            "require": {
                "php": ">=5.3.0"
            },
            "type": "library",
            "extra": {
                "branch-alias": {
                    "dev-master": "1.0.x-dev"
                }
            },
            "autoload": {
                "psr-4": {
                    "Psr\\Log\\": "Psr/Log/"
                }
            },
            "notification-url": "https://packagist.org/downloads/",
            "license": [
                "MIT"
            ],
            "authors": [
                {
                    "name": "PHP-FIG",
                    "homepage": "http://www.php-fig.org/"
                }
            ],
            "description": "Common interface for logging libraries",
            "homepage": "https://github.com/php-fig/log",
            "keywords": [
                "log",
                "psr",
                "psr-3"
            ],
            "time": "2016-10-10T12:19:37+00:00"
        }
    ],
    "packages-dev": [],
    "aliases": [],
    "minimum-stability": "dev",
    "stability-flags": {
        "bower-asset/jquery-form": 20,
        "bower-asset/jquery-pjax": 20,
        "bower-asset/mustache.js": 20,
        "mustache/mustache": 20,
        "psr/log": 20
    },
    "prefer-stable": true,
    "prefer-lowest": false,
    "platform": {
        "php": "^7.1"
    },
    "platform-dev": []
}
