{
    "_readme": [
        "This file locks the dependencies of your project to a known state",
        "Read more about it at https://getcomposer.org/doc/01-basic-usage.md#composer-lock-the-lock-file",
        "This file is @generated automatically"
    ],
    "content-hash": "424897f2bfe7bf36dc858fef3d5e02ae",
    "packages": [
        {
            "name": "bower-asset/jquery",
            "version": "3.3.1",
            "source": {
                "type": "git",
                "url": "https://github.com/jquery/jquery-dist.git",
                "reference": "9e8ec3d10fad04748176144f108d7355662ae75e"
            },
            "dist": {
                "type": "zip",
                "url": "https://api.github.com/repos/jquery/jquery-dist/zipball/9e8ec3d10fad04748176144f108d7355662ae75e",
                "reference": "9e8ec3d10fad04748176144f108d7355662ae75e",
                "shasum": ""
            },
            "type": "bower-asset-library",
            "extra": {
                "bower-asset-main": "dist/jquery.js",
                "bower-asset-ignore": [
                    "package.json"
                ]
            },
            "license": [
                "MIT"
            ],
            "keywords": [
                "browser",
                "javascript",
                "jquery",
                "library"
            ],
            "time": "2018-01-20T17:26:57+00:00"
        },
        {
            "name": "bower-asset/jquery-form",
            "version": "v4.2.2",
            "source": {
                "type": "git",
                "url": "https://github.com/jquery-form/form.git",
                "reference": "4beae57bc92402e2d03ca66b5ae2942d0c94c695"
            },
            "dist": {
                "type": "zip",
                "url": "https://api.github.com/repos/jquery-form/form/zipball/4beae57bc92402e2d03ca66b5ae2942d0c94c695",
                "reference": "4beae57bc92402e2d03ca66b5ae2942d0c94c695",
                "shasum": ""
            },
            "require": {
                "bower-asset/jquery": ">=1.7.2"
            },
            "type": "bower-asset-library",
            "extra": {
                "bower-asset-main": "src/jquery.form.js",
                "bower-asset-ignore": [
                    "README.md",
                    "composer.json",
                    "package.json"
                ]
            },
            "license": [
                "(LGPL-2.1+ OR MIT)"
            ],
            "description": "The jQuery Form Plugin allows you to easily and unobtrusively upgrade HTML forms to use AJAX.",
            "keywords": [
                "ajax",
                "form",
                "html-form",
                "jquery",
                "jquery-form",
                "jquery-plugin",
                "json",
                "json-form"
            ],
            "time": "2017-08-09T20:56:53+00:00"
        },
        {
            "name": "bower-asset/jquery-pjax",
            "version": "v2.0.1",
            "source": {
                "type": "git",
                "url": "https://github.com/defunkt/jquery-pjax.git",
                "reference": "0f63686a4be744c948c2dd7bd64d257d3fe80c20"
            },
            "dist": {
                "type": "zip",
                "url": "https://api.github.com/repos/defunkt/jquery-pjax/zipball/0f63686a4be744c948c2dd7bd64d257d3fe80c20",
                "reference": "0f63686a4be744c948c2dd7bd64d257d3fe80c20",
                "shasum": ""
            },
            "require": {
                "bower-asset/jquery": ">=1.8"
            },
            "type": "bower-asset-library",
            "extra": {
                "bower-asset-main": "./jquery.pjax.js",
                "bower-asset-ignore": [
                    ".travis.yml",
                    "Gemfile",
                    "Gemfile.lock",
                    "CONTRIBUTING.md",
                    "vendor/",
                    "script/",
                    "test/"
                ]
            },
            "time": "2017-05-20T18:38:49+00:00"
        },
        {
            "name": "bower-asset/mustache.js",
            "version": "v2.3.0",
            "source": {
                "type": "git",
                "url": "https://github.com/janl/mustache.js.git",
                "reference": "23beb3a8805c9a857e3ea777431481599fab503e"
            },
            "dist": {
                "type": "zip",
                "url": "https://api.github.com/repos/janl/mustache.js/zipball/23beb3a8805c9a857e3ea777431481599fab503e",
                "reference": "23beb3a8805c9a857e3ea777431481599fab503e",
                "shasum": ""
            },
            "type": "bower-asset-library",
            "extra": {
                "bower-asset-main": "mustache.js",
                "bower-asset-ignore": [
                    "**/.*",
                    "test"
                ]
            },
            "license": [
                "MIT"
            ],
            "description": "Logic-less {{mustache}} templates with JavaScript",
            "keywords": [
                "ejs",
                "mustache",
                "template",
                "templates"
            ],
            "time": "2016-11-08T16:24:16+00:00"
        }
    ],
    "packages-dev": [],
    "aliases": [],
    "minimum-stability": "dev",
    "stability-flags": [],
    "prefer-stable": true,
    "prefer-lowest": false,
    "platform": {
        "php": "^7.1"
    },
    "platform-dev": []
}
